
Microsoft Visual Studio Solution File, Format Version 12.00
# Visual Studio Version 16
VisualStudioVersion = 16.0.810.5
MinimumVisualStudioVersion = 10.0.40219.1
Project("{FAE04EC0-301F-11D3-BF4B-00C04F79EFBC}") = "Cards_Manager.Android", "Cards_Manager.Android\Cards_Manager.Android.csproj", "{BA13D6AA-5E45-41BA-B179-37EF12F2BEE8}"
EndProject
Project("{FAE04EC0-301F-11D3-BF4B-00C04F79EFBC}") = "Cards_Manager.iOS", "Cards_Manager.iOS\Cards_Manager.iOS.csproj", "{2D095445-08C7-4883-8567-C9C9C6EAB3B3}"
EndProject
Project("{FAE04EC0-301F-11D3-BF4B-00C04F79EFBC}") = "Cards_Manager", "Cards_Manager\Cards_Manager.csproj", "{B0195A66-3ABF-4444-B77D-84611DD23A32}"
EndProject
Global
	GlobalSection(SolutionConfigurationPlatforms) = preSolution
		Debug|Any CPU = Debug|Any CPU
		Release|Any CPU = Release|Any CPU
		Debug|iPhoneSimulator = Debug|iPhoneSimulator
		Release|iPhoneSimulator = Release|iPhoneSimulator
		Debug|iPhone = Debug|iPhone
		Release|iPhone = Release|iPhone
	EndGlobalSection
	GlobalSection(ProjectConfigurationPlatforms) = postSolution
		{BA13D6AA-5E45-41BA-B179-37EF12F2BEE8}.Debug|Any CPU.ActiveCfg = Debug|Any CPU
		{BA13D6AA-5E45-41BA-B179-37EF12F2BEE8}.Debug|Any CPU.Build.0 = Debug|Any CPU
		{BA13D6AA-5E45-41BA-B179-37EF12F2BEE8}.Release|Any CPU.ActiveCfg = Release|Any CPU
		{BA13D6AA-5E45-41BA-B179-37EF12F2BEE8}.Release|Any CPU.Build.0 = Release|Any CPU
		{BA13D6AA-5E45-41BA-B179-37EF12F2BEE8}.Debug|iPhoneSimulator.ActiveCfg = Debug|Any CPU
		{BA13D6AA-5E45-41BA-B179-37EF12F2BEE8}.Debug|iPhoneSimulator.Build.0 = Debug|Any CPU
		{BA13D6AA-5E45-41BA-B179-37EF12F2BEE8}.Release|iPhoneSimulator.ActiveCfg = Release|Any CPU
		{BA13D6AA-5E45-41BA-B179-37EF12F2BEE8}.Release|iPhoneSimulator.Build.0 = Release|Any CPU
		{BA13D6AA-5E45-41BA-B179-37EF12F2BEE8}.Debug|iPhone.ActiveCfg = Debug|Any CPU
		{BA13D6AA-5E45-41BA-B179-37EF12F2BEE8}.Debug|iPhone.Build.0 = Debug|Any CPU
		{BA13D6AA-5E45-41BA-B179-37EF12F2BEE8}.Release|iPhone.ActiveCfg = Release|Any CPU
		{BA13D6AA-5E45-41BA-B179-37EF12F2BEE8}.Release|iPhone.Build.0 = Release|Any CPU
		{2D095445-08C7-4883-8567-C9C9C6EAB3B3}.Debug|Any CPU.ActiveCfg = Debug|iPhoneSimulator
		{2D095445-08C7-4883-8567-C9C9C6EAB3B3}.Debug|Any CPU.Build.0 = Debug|iPhoneSimulator
		{2D095445-08C7-4883-8567-C9C9C6EAB3B3}.Release|Any CPU.ActiveCfg = Release|iPhoneSimulator
		{2D095445-08C7-4883-8567-C9C9C6EAB3B3}.Release|Any CPU.Build.0 = Release|iPhoneSimulator
		{2D095445-08C7-4883-8567-C9C9C6EAB3B3}.Debug|iPhoneSimulator.ActiveCfg = Debug|iPhoneSimulator
		{2D095445-08C7-4883-8567-C9C9C6EAB3B3}.Debug|iPhoneSimulator.Build.0 = Debug|iPhoneSimulator
		{2D095445-08C7-4883-8567-C9C9C6EAB3B3}.Release|iPhoneSimulator.ActiveCfg = Release|iPhoneSimulator
		{2D095445-08C7-4883-8567-C9C9C6EAB3B3}.Release|iPhoneSimulator.Build.0 = Release|iPhoneSimulator
		{2D095445-08C7-4883-8567-C9C9C6EAB3B3}.Debug|iPhone.ActiveCfg = Debug|iPhone
		{2D095445-08C7-4883-8567-C9C9C6EAB3B3}.Debug|iPhone.Build.0 = Debug|iPhone
		{2D095445-08C7-4883-8567-C9C9C6EAB3B3}.Release|iPhone.ActiveCfg = Release|iPhone
		{2D095445-08C7-4883-8567-C9C9C6EAB3B3}.Release|iPhone.Build.0 = Release|iPhone
		{B0195A66-3ABF-4444-B77D-84611DD23A32}.Debug|Any CPU.ActiveCfg = Debug|Any CPU
		{B0195A66-3ABF-4444-B77D-84611DD23A32}.Debug|Any CPU.Build.0 = Debug|Any CPU
		{B0195A66-3ABF-4444-B77D-84611DD23A32}.Release|Any CPU.ActiveCfg = Release|Any CPU
		{B0195A66-3ABF-4444-B77D-84611DD23A32}.Release|Any CPU.Build.0 = Release|Any CPU
		{B0195A66-3ABF-4444-B77D-84611DD23A32}.Debug|iPhoneSimulator.ActiveCfg = Debug|Any CPU
		{B0195A66-3ABF-4444-B77D-84611DD23A32}.Debug|iPhoneSimulator.Build.0 = Debug|Any CPU
		{B0195A66-3ABF-4444-B77D-84611DD23A32}.Release|iPhoneSimulator.ActiveCfg = Release|Any CPU
		{B0195A66-3ABF-4444-B77D-84611DD23A32}.Release|iPhoneSimulator.Build.0 = Release|Any CPU
		{B0195A66-3ABF-4444-B77D-84611DD23A32}.Debug|iPhone.ActiveCfg = Debug|Any CPU
		{B0195A66-3ABF-4444-B77D-84611DD23A32}.Debug|iPhone.Build.0 = Debug|Any CPU
		{B0195A66-3ABF-4444-B77D-84611DD23A32}.Release|iPhone.ActiveCfg = Release|Any CPU
		{B0195A66-3ABF-4444-B77D-84611DD23A32}.Release|iPhone.Build.0 = Release|Any CPU
	EndGlobalSection
	GlobalSection(SolutionProperties) = preSolution
		HideSolutionNode = FALSE
	EndGlobalSection
	GlobalSection(ExtensibilityGlobals) = postSolution
		SolutionGuid = {9ADFA37C-A38B-451F-976A-C37126776302}
	EndGlobalSection
EndGlobal
